{
  "name": "Nobanno",
  "lockfileVersion": 3,
  "requires": true,
  "packages": {
    "": {
      "dependencies": {
        "@react-frontend-developer/buffers": "^2.0.1"
      }
    },
    "node_modules/@react-frontend-developer/buffers": {
      "version": "2.0.1",
      "resolved": "https://registry.npmjs.org/@react-frontend-developer/buffers/-/buffers-2.0.1.tgz",
      "integrity": "sha512-TaZHaduW11ZirTuyD5upZi3aKW5Q5qKCuUpEw8rQETxoRw9ry9dJpeGauL6CI/Pe8vGzPz+K2nj9iA1XtCUKNw==",
      "engines": {
        "node": ">=8.0.0"
      }
    }
  }
}
